<Solution>
  <Folder Name="/Solution Items/">
    <File Path=".env" />
    <File Path=".env.example" />
    <File Path=".gitignore" />
    <File Path="docker-compose.yml" />
    <File Path="README.md" />
  </Folder>
  <Project Path="Adapter/Adapter.csproj" />
  <Project Path="MuseoAPI/MuseoAPI.csproj" />
  <Project Path="MuseoAuth/MuseoAuth.csproj" />
  <Project Path="MuseoData/MuseoData.csproj" />
  <Project Path="MuseoShared/MuseoShared.csproj" />
</Solution>
